// !$*UTF8*$!
{
	archiveVersion = 1;
	classes = {
	};
	objectVersion = 56;
	objects = {

/* Begin PBXBuildFile section */
		331BD0FB2BDFF9E800B83815 /* InputFieldView.swift in Sources */ = {isa = PBXBuildFile; fileRef = 331BD0FA2BDFF9E800B83815 /* InputFieldView.swift */; };
		331BD0FD2BE00EB200B83815 /* home.swift in Sources */ = {isa = PBXBuildFile; fileRef = 331BD0FC2BE00EB200B83815 /* home.swift */; };
		33627F812BDAAA6A009C220E /* GlitchApp.swift in Sources */ = {isa = PBXBuildFile; fileRef = 33627F802BDAAA6A009C220E /* GlitchApp.swift */; };
		33627F832BDAAA6A009C220E /* ContentView.swift in Sources */ = {isa = PBXBuildFile; fileRef = 33627F822BDAAA6A009C220E /* ContentView.swift */; };
		33627F852BDAAA6C009C220E /* Assets.xcassets in Resources */ = {isa = PBXBuildFile; fileRef = 33627F842BDAAA6C009C220E /* Assets.xcassets */; };
		33627F882BDAAA6C009C220E /* Preview Assets.xcassets in Resources */ = {isa = PBXBuildFile; fileRef = 33627F872BDAAA6C009C220E /* Preview Assets.xcassets */; };
		33627F962BDAAE1D009C220E /* Silkscreen-Bold.ttf in Resources */ = {isa = PBXBuildFile; fileRef = 33627F942BDAAE1D009C220E /* Silkscreen-Bold.ttf */; };
		33627F992BDAAEC3009C220E /* RubikGlitch-Regular.ttf in Resources */ = {isa = PBXBuildFile; fileRef = 33627F982BDAAEC3009C220E /* RubikGlitch-Regular.ttf */; };
		33627F9B2BDAAFFD009C220E /* RubikGlitchPop-Regular.ttf in Resources */ = {isa = PBXBuildFile; fileRef = 33627F9A2BDAAFFD009C220E /* RubikGlitchPop-Regular.ttf */; };
/* End PBXBuildFile section */

/* Begin PBXFileReference section */
		331BD0FA2BDFF9E800B83815 /* InputFieldView.swift */ = {isa = PBXFileReference; lastKnownFileType = sourcecode.swift; path = InputFieldView.swift; sourceTree = "<group>"; };
		331BD0FC2BE00EB200B83815 /* home.swift */ = {isa = PBXFileReference; lastKnownFileType = sourcecode.swift; path = home.swift; sourceTree = "<group>"; };
		33627F7D2BDAAA6A009C220E /* Glitch.app */ = {isa = PBXFileReference; explicitFileType = wrapper.application; includeInIndex = 0; path = Glitch.app; sourceTree = BUILT_PRODUCTS_DIR; };
		33627F802BDAAA6A009C220E /* GlitchApp.swift */ = {isa = PBXFileReference; lastKnownFileType = sourcecode.swift; path = GlitchApp.swift; sourceTree = "<group>"; };
		33627F822BDAAA6A009C220E /* ContentView.swift */ = {isa = PBXFileReference; lastKnownFileType = sourcecode.swift; path = ContentView.swift; sourceTree = "<group>"; };
		33627F842BDAAA6C009C220E /* Assets.xcassets */ = {isa = PBXFileReference; lastKnownFileType = folder.assetcatalog; path = Assets.xcassets; sourceTree = "<group>"; };
		33627F872BDAAA6C009C220E /* Preview Assets.xcassets */ = {isa = PBXFileReference; lastKnownFileType = folder.assetcatalog; path = "Preview Assets.xcassets"; sourceTree = "<group>"; };
		33627F942BDAAE1D009C220E /* Silkscreen-Bold.ttf */ = {isa = PBXFileReference; lastKnownFileType = file; name = "Silkscreen-Bold.ttf"; path = "../../../../../Downloads/Silkscreen/Silkscreen-Bold.ttf"; sourceTree = "<group>"; };
		33627F982BDAAEC3009C220E /* RubikGlitch-Regular.ttf */ = {isa = PBXFileReference; lastKnownFileType = file; path = "RubikGlitch-Regular.ttf"; sourceTree = "<group>"; };
		33627F9A2BDAAFFD009C220E /* RubikGlitchPop-Regular.ttf */ = {isa = PBXFileReference; lastKnownFileType = file; path = "RubikGlitchPop-Regular.ttf"; sourceTree = "<group>"; };
/* End PBXFileReference section */

/* Begin PBXFrameworksBuildPhase section */
		33627F7A2BDAAA6A009C220E /* Frameworks */ = {
			isa = PBXFrameworksBuildPhase;
			buildActionMask = 2147483647;
			files = (
			);
			runOnlyForDeploymentPostprocessing = 0;
		};
/* End PBXFrameworksBuildPhase section */

/* Begin PBXGroup section */
		33627F742BDAAA6A009C220E = {
			isa = PBXGroup;
			children = (
				33627F7F2BDAAA6A009C220E /* Glitch */,
				33627F7E2BDAAA6A009C220E /* Products */,
			);
			sourceTree = "<group>";
		};
		33627F7E2BDAAA6A009C220E /* Products */ = {
			isa = PBXGroup;
			children = (
				33627F7D2BDAAA6A009C220E /* Glitch.app */,
			);
			name = Products;
			sourceTree = "<group>";
		};
		33627F7F2BDAAA6A009C220E /* Glitch */ = {
			isa = PBXGroup;
			children = (
				33627F802BDAAA6A009C220E /* GlitchApp.swift */,
				331BD0FA2BDFF9E800B83815 /* InputFieldView.swift */,
				33627F982BDAAEC3009C220E /* RubikGlitch-Regular.ttf */,
				331BD0FC2BE00EB200B83815 /* home.swift */,
				33627F9A2BDAAFFD009C220E /* RubikGlitchPop-Regular.ttf */,
				33627F942BDAAE1D009C220E /* Silkscreen-Bold.ttf */,
				33627F822BDAAA6A009C220E /* ContentView.swift */,
				33627F842BDAAA6C009C220E /* Assets.xcassets */,
				33627F862BDAAA6C009C220E /* Preview Content */,
			);
			path = Glitch;
			sourceTree = "<group>";
		};
		33627F862BDAAA6C009C220E /* Preview Content */ = {
			isa = PBXGroup;
			children = (
				33627F872BDAAA6C009C220E /* Preview Assets.xcassets */,
			);
			path = "Preview Content";
			sourceTree = "<group>";
		};
/* End PBXGroup section */

/* Begin PBXNativeTarget section */
		33627F7C2BDAAA6A009C220E /* Glitch */ = {
			isa = PBXNativeTarget;
			buildConfigurationList = 33627F8B2BDAAA6C009C220E /* Build configuration list for PBXNativeTarget "Glitch" */;
			buildPhases = (
				33627F792BDAAA6A009C220E /* Sources */,
				33627F7A2BDAAA6A009C220E /* Frameworks */,
				33627F7B2BDAAA6A009C220E /* Resources */,
			);
			buildRules = (
			);
			dependencies = (
			);
			name = Glitch;
			productName = Glitch;
			productReference = 33627F7D2BDAAA6A009C220E /* Glitch.app */;
			productType = "com.apple.product-type.application";
		};
/* End PBXNativeTarget section */

/* Begin PBXProject section */
		33627F752BDAAA6A009C220E /* Project object */ = {
			isa = PBXProject;
			attributes = {
				BuildIndependentTargetsInParallel = 1;
				LastSwiftUpdateCheck = 1510;
				LastUpgradeCheck = 1510;
				TargetAttributes = {
					33627F7C2BDAAA6A009C220E = {
						CreatedOnToolsVersion = 15.1;
					};
				};
			};
			buildConfigurationList = 33627F782BDAAA6A009C220E /* Build configuration list for PBXProject "Glitch" */;
			compatibilityVersion = "Xcode 14.0";
			developmentRegion = en;
			hasScannedForEncodings = 0;
			knownRegions = (
				en,
				Base,
			);
			mainGroup = 33627F742BDAAA6A009C220E;
			productRefGroup = 33627F7E2BDAAA6A009C220E /* Products */;
			projectDirPath = "";
			projectRoot = "";
			targets = (
				33627F7C2BDAAA6A009C220E /* Glitch */,
			);
		};
/* End PBXProject section */

/* Begin PBXResourcesBuildPhase section */
		33627F7B2BDAAA6A009C220E /* Resources */ = {
			isa = PBXResourcesBuildPhase;
			buildActionMask = 2147483647;
			files = (
				33627F9B2BDAAFFD009C220E /* RubikGlitchPop-Regular.ttf in Resources */,
				33627F992BDAAEC3009C220E /* RubikGlitch-Regular.ttf in Resources */,
				33627F882BDAAA6C009C220E /* Preview Assets.xcassets in Resources */,
				33627F962BDAAE1D009C220E /* Silkscreen-Bold.ttf in Resources */,
				33627F852BDAAA6C009C220E /* Assets.xcassets in Resources */,
			);
			runOnlyForDeploymentPostprocessing = 0;
		};
/* End PBXResourcesBuildPhase section */

/* Begin PBXSourcesBuildPhase section */
		33627F792BDAAA6A009C220E /* Sources */ = {
			isa = PBXSourcesBuildPhase;
			buildActionMask = 2147483647;
			files = (
				33627F832BDAAA6A009C220E /* ContentView.swift in Sources */,
				33627F812BDAAA6A009C220E /* GlitchApp.swift in Sources */,
				331BD0FD2BE00EB200B83815 /* home.swift in Sources */,
				331BD0FB2BDFF9E800B83815 /* InputFieldView.swift in Sources */,
			);
			runOnlyForDeploymentPostprocessing = 0;
		};
/* End PBXSourcesBuildPhase section */

/* Begin XCBuildConfiguration section */
		33627F892BDAAA6C009C220E /* Debug */ = {
			isa = XCBuildConfiguration;
			buildSettings = {
				ALWAYS_SEARCH_USER_PATHS = NO;
				ASSETCATALOG_COMPILER_GENERATE_SWIFT_ASSET_SYMBOL_EXTENSIONS = YES;
				CLANG_ANALYZER_NONNULL = YES;
				CLANG_ANALYZER_NUMBER_OBJECT_CONVERSION = YES_AGGRESSIVE;
				CLANG_CXX_LANGUAGE_STANDARD = "gnu++20";
				CLANG_ENABLE_MODULES = YES;
				CLANG_ENABLE_OBJC_ARC = YES;
				CLANG_ENABLE_OBJC_WEAK = YES;
				CLANG_WARN_BLOCK_CAPTURE_AUTORELEASING = YES;
				CLANG_WARN_BOOL_CONVERSION = YES;
				CLANG_WARN_COMMA = YES;
				CLANG_WARN_CONSTANT_CONVERSION = YES;
				CLANG_WARN_DEPRECATED_OBJC_IMPLEMENTATIONS = YES;
				CLANG_WARN_DIRECT_OBJC_ISA_USAGE = YES_ERROR;
				CLANG_WARN_DOCUMENTATION_COMMENTS = YES;
				CLANG_WARN_EMPTY_BODY = YES;
				CLANG_WARN_ENUM_CONVERSION = YES;
				CLANG_WARN_INFINITE_RECURSION = YES;
				CLANG_WARN_INT_CONVERSION = YES;
				CLANG_WARN_NON_LITERAL_NULL_CONVERSION = YES;
				CLANG_WARN_OBJC_IMPLICIT_RETAIN_SELF = YES;
				CLANG_WARN_OBJC_LITERAL_CONVERSION = YES;
				CLANG_WARN_OBJC_ROOT_CLASS = YES_ERROR;
				CLANG_WARN_QUOTED_INCLUDE_IN_FRAMEWORK_HEADER = YES;
				CLANG_WARN_RANGE_LOOP_ANALYSIS = YES;
				CLANG_WARN_STRICT_PROTOTYPES = YES;
				CLANG_WARN_SUSPICIOUS_MOVE = YES;
				CLANG_WARN_UNGUARDED_AVAILABILITY = YES_AGGRESSIVE;
				CLANG_WARN_UNREACHABLE_CODE = YES;
				CLANG_WARN__DUPLICATE_METHOD_MATCH = YES;
				COPY_PHASE_STRIP = NO;
				DEBUG_INFORMATION_FORMAT = dwarf;
				ENABLE_STRICT_OBJC_MSGSEND = YES;
				ENABLE_TESTABILITY = YES;
				ENABLE_USER_SCRIPT_SANDBOXING = YES;
				GCC_C_LANGUAGE_STANDARD = gnu17;
				GCC_DYNAMIC_NO_PIC = NO;
				GCC_NO_COMMON_BLOCKS = YES;
				GCC_OPTIMIZATION_LEVEL = 0;
				GCC_PREPROCESSOR_DEFINITIONS = (
					"DEBUG=1",
					"$(inherited)",
				);
				GCC_WARN_64_TO_32_BIT_CONVERSION = YES;
				GCC_WARN_ABOUT_RETURN_TYPE = YES_ERROR;
				GCC_WARN_UNDECLARED_SELECTOR = YES;
				GCC_WARN_UNINITIALIZED_AUTOS = YES_AGGRESSIVE;
				GCC_WARN_UNUSED_FUNCTION = YES;
				GCC_WARN_UNUSED_VARIABLE = YES;
				IPHONEOS_DEPLOYMENT_TARGET = 17.2;
				LOCALIZATION_PREFERS_STRING_CATALOGS = YES;
				MTL_ENABLE_DEBUG_INFO = INCLUDE_SOURCE;
				MTL_FAST_MATH = YES;
				ONLY_ACTIVE_ARCH = YES;
				SDKROOT = iphoneos;
				SWIFT_ACTIVE_COMPILATION_CONDITIONS = "DEBUG $(inherited)";
				SWIFT_OPTIMIZATION_LEVEL = "-Onone";
			};
			name = Debug;
		};
		33627F8A2BDAAA6C009C220E /* Release */ = {
			isa = XCBuildConfiguration;
			buildSettings = {
				ALWAYS_SEARCH_USER_PATHS = NO;
				ASSETCATALOG_COMPILER_GENERATE_SWIFT_ASSET_SYMBOL_EXTENSIONS = YES;
				CLANG_ANALYZER_NONNULL = YES;
				CLANG_ANALYZER_NUMBER_OBJECT_CONVERSION = YES_AGGRESSIVE;
				CLANG_CXX_LANGUAGE_STANDARD = "gnu++20";
				CLANG_ENABLE_MODULES = YES;
				CLANG_ENABLE_OBJC_ARC = YES;
				CLANG_ENABLE_OBJC_WEAK = YES;
				CLANG_WARN_BLOCK_CAPTURE_AUTORELEASING = YES;
				CLANG_WARN_BOOL_CONVERSION = YES;
				CLANG_WARN_COMMA = YES;
				CLANG_WARN_CONSTANT_CONVERSION = YES;
				CLANG_WARN_DEPRECATED_OBJC_IMPLEMENTATIONS = YES;
				CLANG_WARN_DIRECT_OBJC_ISA_USAGE = YES_ERROR;
				CLANG_WARN_DOCUMENTATION_COMMENTS = YES;
				CLANG_WARN_EMPTY_BODY = YES;
				CLANG_WARN_ENUM_CONVERSION = YES;
				CLANG_WARN_INFINITE_RECURSION = YES;
				CLANG_WARN_INT_CONVERSION = YES;
				CLANG_WARN_NON_LITERAL_NULL_CONVERSION = YES;
				CLANG_WARN_OBJC_IMPLICIT_RETAIN_SELF = YES;
				CLANG_WARN_OBJC_LITERAL_CONVERSION = YES;
				CLANG_WARN_OBJC_ROOT_CLASS = YES_ERROR;
				CLANG_WARN_QUOTED_INCLUDE_IN_FRAMEWORK_HEADER = YES;
				CLANG_WARN_RANGE_LOOP_ANALYSIS = YES;
				CLANG_WARN_STRICT_PROTOTYPES = YES;
				CLANG_WARN_SUSPICIOUS_MOVE = YES;
				CLANG_WARN_UNGUARDED_AVAILABILITY = YES_AGGRESSIVE;
				CLANG_WARN_UNREACHABLE_CODE = YES;
				CLANG_WARN__DUPLICATE_METHOD_MATCH = YES;
				COPY_PHASE_STRIP = NO;
				DEBUG_INFORMATION_FORMAT = "dwarf-with-dsym";
				ENABLE_NS_ASSERTIONS = NO;
				ENABLE_STRICT_OBJC_MSGSEND = YES;
				ENABLE_USER_SCRIPT_SANDBOXING = YES;
				GCC_C_LANGUAGE_STANDARD = gnu17;
				GCC_NO_COMMON_BLOCKS = YES;
				GCC_WARN_64_TO_32_BIT_CONVERSION = YES;
				GCC_WARN_ABOUT_RETURN_TYPE = YES_ERROR;
				GCC_WARN_UNDECLARED_SELECTOR = YES;
				GCC_WARN_UNINITIALIZED_AUTOS = YES_AGGRESSIVE;
				GCC_WARN_UNUSED_FUNCTION = YES;
				GCC_WARN_UNUSED_VARIABLE = YES;
				IPHONEOS_DEPLOYMENT_TARGET = 17.2;
				LOCALIZATION_PREFERS_STRING_CATALOGS = YES;
				MTL_ENABLE_DEBUG_INFO = NO;
				MTL_FAST_MATH = YES;
				SDKROOT = iphoneos;
				SWIFT_COMPILATION_MODE = wholemodule;
				VALIDATE_PRODUCT = YES;
			};
			name = Release;
		};
		33627F8C2BDAAA6C009C220E /* Debug */ = {
			isa = XCBuildConfiguration;
			buildSettings = {
				ASSETCATALOG_COMPILER_APPICON_NAME = AppIcon;
				ASSETCATALOG_COMPILER_GLOBAL_ACCENT_COLOR_NAME = AccentColor;
				CODE_SIGN_STYLE = Automatic;
				CURRENT_PROJECT_VERSION = 1;
				DEVELOPMENT_ASSET_PATHS = "\"Glitch/Preview Content\"";
				ENABLE_PREVIEWS = YES;
				GENERATE_INFOPLIST_FILE = YES;
				INFOPLIST_FILE = Glitch/Info.plist;
				INFOPLIST_KEY_LSApplicationCategoryType = "";
				INFOPLIST_KEY_UIApplicationSceneManifest_Generation = YES;
				INFOPLIST_KEY_UIApplicationSupportsIndirectInputEvents = YES;
				INFOPLIST_KEY_UILaunchScreen_Generation = YES;
				INFOPLIST_KEY_UISupportedInterfaceOrientations_iPad = "UIInterfaceOrientationPortrait UIInterfaceOrientationPortraitUpsideDown UIInterfaceOrientationLandscapeLeft UIInterfaceOrientationLandscapeRight";
				INFOPLIST_KEY_UISupportedInterfaceOrientations_iPhone = "UIInterfaceOrientationPortrait UIInterfaceOrientationLandscapeLeft UIInterfaceOrientationLandscapeRight";
				LD_RUNPATH_SEARCH_PATHS = (
					"$(inherited)",
					"@executable_path/Frameworks",
				);
				MARKETING_VERSION = 1.0;
				PRODUCT_BUNDLE_IDENTIFIER = come.svcteomar.Glitch;
				PRODUCT_NAME = "$(TARGET_NAME)";
				SWIFT_EMIT_LOC_STRINGS = YES;
				SWIFT_VERSION = 5.0;
				TARGETED_DEVICE_FAMILY = "1,2";
			};
			name = Debug;
		};
		33627F8D2BDAAA6C009C220E /* Release */ = {
			isa = XCBuildConfiguration;
			buildSettings = {
				ASSETCATALOG_COMPILER_APPICON_NAME = AppIcon;
				ASSETCATALOG_COMPILER_GLOBAL_ACCENT_COLOR_NAME = AccentColor;
				CODE_SIGN_STYLE = Automatic;
				CURRENT_PROJECT_VERSION = 1;
				DEVELOPMENT_ASSET_PATHS = "\"Glitch/Preview Content\"";
				ENABLE_PREVIEWS = YES;
				GENERATE_INFOPLIST_FILE = YES;
				INFOPLIST_FILE = Glitch/Info.plist;
				INFOPLIST_KEY_LSApplicationCategoryType = "";
				INFOPLIST_KEY_UIApplicationSceneManifest_Generation = YES;
				INFOPLIST_KEY_UIApplicationSupportsIndirectInputEvents = YES;
				INFOPLIST_KEY_UILaunchScreen_Generation = YES;
				INFOPLIST_KEY_UISupportedInterfaceOrientations_iPad = "UIInterfaceOrientationPortrait UIInterfaceOrientationPortraitUpsideDown UIInterfaceOrientationLandscapeLeft UIInterfaceOrientationLandscapeRight";
				INFOPLIST_KEY_UISupportedInterfaceOrientations_iPhone = "UIInterfaceOrientationPortrait UIInterfaceOrientationLandscapeLeft UIInterfaceOrientationLandscapeRight";
				LD_RUNPATH_SEARCH_PATHS = (
					"$(inherited)",
					"@executable_path/Frameworks",
				);
				MARKETING_VERSION = 1.0;
				PRODUCT_BUNDLE_IDENTIFIER = come.svcteomar.Glitch;
				PRODUCT_NAME = "$(TARGET_NAME)";
				SWIFT_EMIT_LOC_STRINGS = YES;
				SWIFT_VERSION = 5.0;
				TARGETED_DEVICE_FAMILY = "1,2";
			};
			name = Release;
		};
/* End XCBuildConfiguration section */

/* Begin XCConfigurationList section */
		33627F782BDAAA6A009C220E /* Build configuration list for PBXProject "Glitch" */ = {
			isa = XCConfigurationList;
			buildConfigurations = (
				33627F892BDAAA6C009C220E /* Debug */,
				33627F8A2BDAAA6C009C220E /* Release */,
			);
			defaultConfigurationIsVisible = 0;
			defaultConfigurationName = Release;
		};
		33627F8B2BDAAA6C009C220E /* Build configuration list for PBXNativeTarget "Glitch" */ = {
			isa = XCConfigurationList;
			buildConfigurations = (
				33627F8C2BDAAA6C009C220E /* Debug */,
				33627F8D2BDAAA6C009C220E /* Release */,
			);
			defaultConfigurationIsVisible = 0;
			defaultConfigurationName = Release;
		};
/* End XCConfigurationList section */
	};
	rootObject = 33627F752BDAAA6A009C220E /* Project object */;
}
